
Microsoft Visual Studio Solution File, Format Version 12.00
# Visual Studio Version 17
VisualStudioVersion = 17.0.31903.59
MinimumVisualStudioVersion = 10.0.40219.1
Project("{2150E333-8FDC-42A3-9474-1A3956D46DE8}") = "src", "src", "{827E0CD3-B72D-47B6-A68D-7590B98EB39B}"
EndProject
Project("{FAE04EC0-301F-11D3-BF4B-00C04F79EFBC}") = "BilgiAsistani.Api", "src\BilgiAsistani.Api\BilgiAsistani.Api.csproj", "{50A16890-70C5-43BC-8ACA-C6F4EC46762F}"
EndProject
Project("{FAE04EC0-301F-11D3-BF4B-00C04F79EFBC}") = "BilgiAsistani.Core", "src\BilgiAsistani.Core\BilgiAsistani.Core.csproj", "{6D719CCE-B817-46A3-9511-2032570B28A8}"
EndProject
Project("{FAE04EC0-301F-11D3-BF4B-00C04F79EFBC}") = "BilgiAsistani.Eval", "src\BilgiAsistani.Eval\BilgiAsistani.Eval.csproj", "{3ECD51A1-2D38-41CE-9938-72289B23CF39}"
EndProject
Project("{2150E333-8FDC-42A3-9474-1A3956D46DE8}") = "tests", "tests", "{0AB3BF05-4346-4AA6-1389-037BE0695223}"
EndProject
Project("{FAE04EC0-301F-11D3-BF4B-00C04F79EFBC}") = "BilgiAsistani.Tests", "tests\BilgiAsistani.Tests\BilgiAsistani.Tests.csproj", "{8E047D2E-D8CF-4518-BF03-847CFC8A1F2A}"
EndProject
Global
	GlobalSection(SolutionConfigurationPlatforms) = preSolution
		Debug|Any CPU = Debug|Any CPU
		Debug|x64 = Debug|x64
		Debug|x86 = Debug|x86
		Release|Any CPU = Release|Any CPU
		Release|x64 = Release|x64
		Release|x86 = Release|x86
	EndGlobalSection
	GlobalSection(ProjectConfigurationPlatforms) = postSolution
		{50A16890-70C5-43BC-8ACA-C6F4EC46762F}.Debug|Any CPU.ActiveCfg = Debug|Any CPU
		{50A16890-70C5-43BC-8ACA-C6F4EC46762F}.Debug|Any CPU.Build.0 = Debug|Any CPU
		{50A16890-70C5-43BC-8ACA-C6F4EC46762F}.Debug|x64.ActiveCfg = Debug|Any CPU
		{50A16890-70C5-43BC-8ACA-C6F4EC46762F}.Debug|x64.Build.0 = Debug|Any CPU
		{50A16890-70C5-43BC-8ACA-C6F4EC46762F}.Debug|x86.ActiveCfg = Debug|Any CPU
		{50A16890-70C5-43BC-8ACA-C6F4EC46762F}.Debug|x86.Build.0 = Debug|Any CPU
		{50A16890-70C5-43BC-8ACA-C6F4EC46762F}.Release|Any CPU.ActiveCfg = Release|Any CPU
		{50A16890-70C5-43BC-8ACA-C6F4EC46762F}.Release|Any CPU.Build.0 = Release|Any CPU
		{50A16890-70C5-43BC-8ACA-C6F4EC46762F}.Release|x64.ActiveCfg = Release|Any CPU
		{50A16890-70C5-43BC-8ACA-C6F4EC46762F}.Release|x64.Build.0 = Release|Any CPU
		{50A16890-70C5-43BC-8ACA-C6F4EC46762F}.Release|x86.ActiveCfg = Release|Any CPU
		{50A16890-70C5-43BC-8ACA-C6F4EC46762F}.Release|x86.Build.0 = Release|Any CPU
		{6D719CCE-B817-46A3-9511-2032570B28A8}.Debug|Any CPU.ActiveCfg = Debug|Any CPU
		{6D719CCE-B817-46A3-9511-2032570B28A8}.Debug|Any CPU.Build.0 = Debug|Any CPU
		{6D719CCE-B817-46A3-9511-2032570B28A8}.Debug|x64.ActiveCfg = Debug|Any CPU
		{6D719CCE-B817-46A3-9511-2032570B28A8}.Debug|x64.Build.0 = Debug|Any CPU
		{6D719CCE-B817-46A3-9511-2032570B28A8}.Debug|x86.ActiveCfg = Debug|Any CPU
		{6D719CCE-B817-46A3-9511-2032570B28A8}.Debug|x86.Build.0 = Debug|Any CPU
		{6D719CCE-B817-46A3-9511-2032570B28A8}.Release|Any CPU.ActiveCfg = Release|Any CPU
		{6D719CCE-B817-46A3-9511-2032570B28A8}.Release|Any CPU.Build.0 = Release|Any CPU
		{6D719CCE-B817-46A3-9511-2032570B28A8}.Release|x64.ActiveCfg = Release|Any CPU
		{6D719CCE-B817-46A3-9511-2032570B28A8}.Release|x64.Build.0 = Release|Any CPU
		{6D719CCE-B817-46A3-9511-2032570B28A8}.Release|x86.ActiveCfg = Release|Any CPU
		{6D719CCE-B817-46A3-9511-2032570B28A8}.Release|x86.Build.0 = Release|Any CPU
		{3ECD51A1-2D38-41CE-9938-72289B23CF39}.Debug|Any CPU.ActiveCfg = Debug|Any CPU
		{3ECD51A1-2D38-41CE-9938-72289B23CF39}.Debug|Any CPU.Build.0 = Debug|Any CPU
		{3ECD51A1-2D38-41CE-9938-72289B23CF39}.Debug|x64.ActiveCfg = Debug|Any CPU
		{3ECD51A1-2D38-41CE-9938-72289B23CF39}.Debug|x64.Build.0 = Debug|Any CPU
		{3ECD51A1-2D38-41CE-9938-72289B23CF39}.Debug|x86.ActiveCfg = Debug|Any CPU
		{3ECD51A1-2D38-41CE-9938-72289B23CF39}.Debug|x86.Build.0 = Debug|Any CPU
		{3ECD51A1-2D38-41CE-9938-72289B23CF39}.Release|Any CPU.ActiveCfg = Release|Any CPU
		{3ECD51A1-2D38-41CE-9938-72289B23CF39}.Release|Any CPU.Build.0 = Release|Any CPU
		{3ECD51A1-2D38-41CE-9938-72289B23CF39}.Release|x64.ActiveCfg = Release|Any CPU
		{3ECD51A1-2D38-41CE-9938-72289B23CF39}.Release|x64.Build.0 = Release|Any CPU
		{3ECD51A1-2D38-41CE-9938-72289B23CF39}.Release|x86.ActiveCfg = Release|Any CPU
		{3ECD51A1-2D38-41CE-9938-72289B23CF39}.Release|x86.Build.0 = Release|Any CPU
		{8E047D2E-D8CF-4518-BF03-847CFC8A1F2A}.Debug|Any CPU.ActiveCfg = Debug|Any CPU
		{8E047D2E-D8CF-4518-BF03-847CFC8A1F2A}.Debug|Any CPU.Build.0 = Debug|Any CPU
		{8E047D2E-D8CF-4518-BF03-847CFC8A1F2A}.Debug|x64.ActiveCfg = Debug|Any CPU
		{8E047D2E-D8CF-4518-BF03-847CFC8A1F2A}.Debug|x64.Build.0 = Debug|Any CPU
		{8E047D2E-D8CF-4518-BF03-847CFC8A1F2A}.Debug|x86.ActiveCfg = Debug|Any CPU
		{8E047D2E-D8CF-4518-BF03-847CFC8A1F2A}.Debug|x86.Build.0 = Debug|Any CPU
		{8E047D2E-D8CF-4518-BF03-847CFC8A1F2A}.Release|Any CPU.ActiveCfg = Release|Any CPU
		{8E047D2E-D8CF-4518-BF03-847CFC8A1F2A}.Release|Any CPU.Build.0 = Release|Any CPU
		{8E047D2E-D8CF-4518-BF03-847CFC8A1F2A}.Release|x64.ActiveCfg = Release|Any CPU
		{8E047D2E-D8CF-4518-BF03-847CFC8A1F2A}.Release|x64.Build.0 = Release|Any CPU
		{8E047D2E-D8CF-4518-BF03-847CFC8A1F2A}.Release|x86.ActiveCfg = Release|Any CPU
		{8E047D2E-D8CF-4518-BF03-847CFC8A1F2A}.Release|x86.Build.0 = Release|Any CPU
	EndGlobalSection
	GlobalSection(SolutionProperties) = preSolution
		HideSolutionNode = FALSE
	EndGlobalSection
	GlobalSection(NestedProjects) = preSolution
		{50A16890-70C5-43BC-8ACA-C6F4EC46762F} = {827E0CD3-B72D-47B6-A68D-7590B98EB39B}
		{6D719CCE-B817-46A3-9511-2032570B28A8} = {827E0CD3-B72D-47B6-A68D-7590B98EB39B}
		{3ECD51A1-2D38-41CE-9938-72289B23CF39} = {827E0CD3-B72D-47B6-A68D-7590B98EB39B}
		{8E047D2E-D8CF-4518-BF03-847CFC8A1F2A} = {0AB3BF05-4346-4AA6-1389-037BE0695223}
	EndGlobalSection
EndGlobal
